
Microsoft Visual Studio Solution File, Format Version 12.00
# Visual Studio Version 17
VisualStudioVersion = 17.4.33122.133
MinimumVisualStudioVersion = 10.0.40219.1
Project("{FAE04EC0-301F-11D3-BF4B-00C04F79EFBC}") = "WPF_Bacic", "WPF_Bacic.csproj", "{C2E7CCF7-8A3F-4355-8093-04DB8ADEF18A}"
EndProject
Global
	GlobalSection(SolutionConfigurationPlatforms) = preSolution
		Debug|Any CPU = Debug|Any CPU
		Release|Any CPU = Release|Any CPU
	EndGlobalSection
	GlobalSection(ProjectConfigurationPlatforms) = postSolution
		{C2E7CCF7-8A3F-4355-8093-04DB8ADEF18A}.Debug|Any CPU.ActiveCfg = Debug|Any CPU
		{C2E7CCF7-8A3F-4355-8093-04DB8ADEF18A}.Debug|Any CPU.Build.0 = Debug|Any CPU
		{C2E7CCF7-8A3F-4355-8093-04DB8ADEF18A}.Release|Any CPU.ActiveCfg = Release|Any CPU
		{C2E7CCF7-8A3F-4355-8093-04DB8ADEF18A}.Release|Any CPU.Build.0 = Release|Any CPU
	EndGlobalSection
	GlobalSection(SolutionProperties) = preSolution
		HideSolutionNode = FALSE
	EndGlobalSection
	GlobalSection(ExtensibilityGlobals) = postSolution
		SolutionGuid = {7B993D9C-49FB-4781-8AF0-9B66CC25015F}
	EndGlobalSection
EndGlobal
